// !$*UTF8*$!
{
	archiveVersion = 1;
	classes = {
	};
	objectVersion = 51;
	objects = {

/* Begin PBXBuildFile section */
		28B26CE526563AB9000EEE18 /* AppDelegate.swift in Sources */ = {isa = PBXBuildFile; fileRef = 28B26CE426563AB9000EEE18 /* AppDelegate.swift */; };
		28B26CE726563AB9000EEE18 /* SceneDelegate.swift in Sources */ = {isa = PBXBuildFile; fileRef = 28B26CE626563AB9000EEE18 /* SceneDelegate.swift */; };
		28B26CE926563AB9000EEE18 /* ViewController.swift in Sources */ = {isa = PBXBuildFile; fileRef = 28B26CE826563AB9000EEE18 /* ViewController.swift */; };
		28B26CEC26563AB9000EEE18 /* Main.storyboard in Resources */ = {isa = PBXBuildFile; fileRef = 28B26CEA26563AB9000EEE18 /* Main.storyboard */; };
		28B26CEE26563ABA000EEE18 /* Assets.xcassets in Resources */ = {isa = PBXBuildFile; fileRef = 28B26CED26563ABA000EEE18 /* Assets.xcassets */; };
		28B26CF126563ABA000EEE18 /* LaunchScreen.storyboard in Resources */ = {isa = PBXBuildFile; fileRef = 28B26CEF26563ABA000EEE18 /* LaunchScreen.storyboard */; };
		28B26D0126563E76000EEE18 /* SearchNetworkManager.swift in Sources */ = {isa = PBXBuildFile; fileRef = 28B26D0026563E76000EEE18 /* SearchNetworkManager.swift */; };
		28B26D0426563E83000EEE18 /* User.swift in Sources */ = {isa = PBXBuildFile; fileRef = 28B26D0326563E83000EEE18 /* User.swift */; };
		28B26D3126573C67000EEE18 /* UserTableViewCell.swift in Sources */ = {isa = PBXBuildFile; fileRef = 28B26D3026573C67000EEE18 /* UserTableViewCell.swift */; };
		28B26D552657A339000EEE18 /* GithubSearchUITestStudyUITests.swift in Sources */ = {isa = PBXBuildFile; fileRef = 28B26D542657A339000EEE18 /* GithubSearchUITestStudyUITests.swift */; };
		B7436BCF73B2D2A18162B4D0 /* Pods_GithubSearchUITestStudy.framework in Frameworks */ = {isa = PBXBuildFile; fileRef = 0F367ED78BC53B23EF5E848C /* Pods_GithubSearchUITestStudy.framework */; };
/* End PBXBuildFile section */

/* Begin PBXContainerItemProxy section */
		28B26D572657A339000EEE18 /* PBXContainerItemProxy */ = {
			isa = PBXContainerItemProxy;
			containerPortal = 28B26CD926563AB9000EEE18 /* Project object */;
			proxyType = 1;
			remoteGlobalIDString = 28B26CE026563AB9000EEE18;
			remoteInfo = GithubSearchUITestStudy;
		};
/* End PBXContainerItemProxy section */

/* Begin PBXFileReference section */
		0F367ED78BC53B23EF5E848C /* Pods_GithubSearchUITestStudy.framework */ = {isa = PBXFileReference; explicitFileType = wrapper.framework; includeInIndex = 0; path = Pods_GithubSearchUITestStudy.framework; sourceTree = BUILT_PRODUCTS_DIR; };
		28B26CE126563AB9000EEE18 /* GithubSearchUITestStudy.app */ = {isa = PBXFileReference; explicitFileType = wrapper.application; includeInIndex = 0; path = GithubSearchUITestStudy.app; sourceTree = BUILT_PRODUCTS_DIR; };
		28B26CE426563AB9000EEE18 /* AppDelegate.swift */ = {isa = PBXFileReference; lastKnownFileType = sourcecode.swift; path = AppDelegate.swift; sourceTree = "<group>"; };
		28B26CE626563AB9000EEE18 /* SceneDelegate.swift */ = {isa = PBXFileReference; lastKnownFileType = sourcecode.swift; path = SceneDelegate.swift; sourceTree = "<group>"; };
		28B26CE826563AB9000EEE18 /* ViewController.swift */ = {isa = PBXFileReference; lastKnownFileType = sourcecode.swift; path = ViewController.swift; sourceTree = "<group>"; };
		28B26CEB26563AB9000EEE18 /* Base */ = {isa = PBXFileReference; lastKnownFileType = file.storyboard; name = Base; path = Base.lproj/Main.storyboard; sourceTree = "<group>"; };
		28B26CED26563ABA000EEE18 /* Assets.xcassets */ = {isa = PBXFileReference; lastKnownFileType = folder.assetcatalog; path = Assets.xcassets; sourceTree = "<group>"; };
		28B26CF026563ABA000EEE18 /* Base */ = {isa = PBXFileReference; lastKnownFileType = file.storyboard; name = Base; path = Base.lproj/LaunchScreen.storyboard; sourceTree = "<group>"; };
		28B26CF226563ABA000EEE18 /* Info.plist */ = {isa = PBXFileReference; lastKnownFileType = text.plist.xml; path = Info.plist; sourceTree = "<group>"; };
		28B26D0026563E76000EEE18 /* SearchNetworkManager.swift */ = {isa = PBXFileReference; lastKnownFileType = sourcecode.swift; path = SearchNetworkManager.swift; sourceTree = "<group>"; };
		28B26D0326563E83000EEE18 /* User.swift */ = {isa = PBXFileReference; lastKnownFileType = sourcecode.swift; path = User.swift; sourceTree = "<group>"; };
		28B26D3026573C67000EEE18 /* UserTableViewCell.swift */ = {isa = PBXFileReference; lastKnownFileType = sourcecode.swift; path = UserTableViewCell.swift; sourceTree = "<group>"; };
		28B26D522657A339000EEE18 /* GithubSearchUITestStudyUITests.xctest */ = {isa = PBXFileReference; explicitFileType = wrapper.cfbundle; includeInIndex = 0; path = GithubSearchUITestStudyUITests.xctest; sourceTree = BUILT_PRODUCTS_DIR; };
		28B26D542657A339000EEE18 /* GithubSearchUITestStudyUITests.swift */ = {isa = PBXFileReference; lastKnownFileType = sourcecode.swift; path = GithubSearchUITestStudyUITests.swift; sourceTree = "<group>"; };
		28B26D562657A339000EEE18 /* Info.plist */ = {isa = PBXFileReference; lastKnownFileType = text.plist.xml; path = Info.plist; sourceTree = "<group>"; };
		9A72FD294D95D320DC8A0F45 /* Pods-GithubSearchUITestStudy.release.xcconfig */ = {isa = PBXFileReference; includeInIndex = 1; lastKnownFileType = text.xcconfig; name = "Pods-GithubSearchUITestStudy.release.xcconfig"; path = "Target Support Files/Pods-GithubSearchUITestStudy/Pods-GithubSearchUITestStudy.release.xcconfig"; sourceTree = "<group>"; };
		9ABBD0C8373F6C6F098BFBCC /* Pods-GithubSearchUITestStudy.debug.xcconfig */ = {isa = PBXFileReference; includeInIndex = 1; lastKnownFileType = text.xcconfig; name = "Pods-GithubSearchUITestStudy.debug.xcconfig"; path = "Target Support Files/Pods-GithubSearchUITestStudy/Pods-GithubSearchUITestStudy.debug.xcconfig"; sourceTree = "<group>"; };
/* End PBXFileReference section */

/* Begin PBXFrameworksBuildPhase section */
		28B26CDE26563AB9000EEE18 /* Frameworks */ = {
			isa = PBXFrameworksBuildPhase;
			buildActionMask = 2147483647;
			files = (
				B7436BCF73B2D2A18162B4D0 /* Pods_GithubSearchUITestStudy.framework in Frameworks */,
			);
			runOnlyForDeploymentPostprocessing = 0;
		};
		28B26D4F2657A339000EEE18 /* Frameworks */ = {
			isa = PBXFrameworksBuildPhase;
			buildActionMask = 2147483647;
			files = (
			);
			runOnlyForDeploymentPostprocessing = 0;
		};
/* End PBXFrameworksBuildPhase section */

/* Begin PBXGroup section */
		16661D4E27CEFDF6E7D2FE38 /* Frameworks */ = {
			isa = PBXGroup;
			children = (
				0F367ED78BC53B23EF5E848C /* Pods_GithubSearchUITestStudy.framework */,
			);
			name = Frameworks;
			sourceTree = "<group>";
		};
		28B26CD826563AB9000EEE18 = {
			isa = PBXGroup;
			children = (
				28B26CE326563AB9000EEE18 /* GithubSearchUITestStudy */,
				28B26D532657A339000EEE18 /* GithubSearchUITestStudyUITests */,
				28B26CE226563AB9000EEE18 /* Products */,
				741B121260A0222B9E4C03E7 /* Pods */,
				16661D4E27CEFDF6E7D2FE38 /* Frameworks */,
			);
			sourceTree = "<group>";
		};
		28B26CE226563AB9000EEE18 /* Products */ = {
			isa = PBXGroup;
			children = (
				28B26CE126563AB9000EEE18 /* GithubSearchUITestStudy.app */,
				28B26D522657A339000EEE18 /* GithubSearchUITestStudyUITests.xctest */,
			);
			name = Products;
			sourceTree = "<group>";
		};
		28B26CE326563AB9000EEE18 /* GithubSearchUITestStudy */ = {
			isa = PBXGroup;
			children = (
				28B26D0826563E9E000EEE18 /* View */,
				28B26D0726563E8E000EEE18 /* Network */,
				28B26D0626563E87000EEE18 /* Model */,
				28B26CE426563AB9000EEE18 /* AppDelegate.swift */,
				28B26CE626563AB9000EEE18 /* SceneDelegate.swift */,
				28B26CEA26563AB9000EEE18 /* Main.storyboard */,
				28B26CED26563ABA000EEE18 /* Assets.xcassets */,
				28B26CEF26563ABA000EEE18 /* LaunchScreen.storyboard */,
				28B26CF226563ABA000EEE18 /* Info.plist */,
			);
			path = GithubSearchUITestStudy;
			sourceTree = "<group>";
		};
		28B26D0626563E87000EEE18 /* Model */ = {
			isa = PBXGroup;
			children = (
				28B26D0326563E83000EEE18 /* User.swift */,
			);
			path = Model;
			sourceTree = "<group>";
		};
		28B26D0726563E8E000EEE18 /* Network */ = {
			isa = PBXGroup;
			children = (
				28B26D0026563E76000EEE18 /* SearchNetworkManager.swift */,
			);
			path = Network;
			sourceTree = "<group>";
		};
		28B26D0826563E9E000EEE18 /* View */ = {
			isa = PBXGroup;
			children = (
				28B26CE826563AB9000EEE18 /* ViewController.swift */,
				28B26D3026573C67000EEE18 /* UserTableViewCell.swift */,
			);
			path = View;
			sourceTree = "<group>";
		};
		28B26D532657A339000EEE18 /* GithubSearchUITestStudyUITests */ = {
			isa = PBXGroup;
			children = (
				28B26D542657A339000EEE18 /* GithubSearchUITestStudyUITests.swift */,
				28B26D562657A339000EEE18 /* Info.plist */,
			);
			path = GithubSearchUITestStudyUITests;
			sourceTree = "<group>";
		};
		741B121260A0222B9E4C03E7 /* Pods */ = {
			isa = PBXGroup;
			children = (
				9ABBD0C8373F6C6F098BFBCC /* Pods-GithubSearchUITestStudy.debug.xcconfig */,
				9A72FD294D95D320DC8A0F45 /* Pods-GithubSearchUITestStudy.release.xcconfig */,
			);
			path = Pods;
			sourceTree = "<group>";
		};
/* End PBXGroup section */

/* Begin PBXNativeTarget section */
		28B26CE026563AB9000EEE18 /* GithubSearchUITestStudy */ = {
			isa = PBXNativeTarget;
			buildConfigurationList = 28B26CF526563ABA000EEE18 /* Build configuration list for PBXNativeTarget "GithubSearchUITestStudy" */;
			buildPhases = (
				4448B011401669C8C45A3646 /* [CP] Check Pods Manifest.lock */,
				28B26CDD26563AB9000EEE18 /* Sources */,
				28B26CDE26563AB9000EEE18 /* Frameworks */,
				28B26CDF26563AB9000EEE18 /* Resources */,
				B3F68021F540F5A0475BD7D8 /* [CP] Embed Pods Frameworks */,
			);
			buildRules = (
			);
			dependencies = (
			);
			name = GithubSearchUITestStudy;
			productName = GithubSearchUITestStudy;
			productReference = 28B26CE126563AB9000EEE18 /* GithubSearchUITestStudy.app */;
			productType = "com.apple.product-type.application";
		};
		28B26D512657A339000EEE18 /* GithubSearchUITestStudyUITests */ = {
			isa = PBXNativeTarget;
			buildConfigurationList = 28B26D592657A339000EEE18 /* Build configuration list for PBXNativeTarget "GithubSearchUITestStudyUITests" */;
			buildPhases = (
				28B26D4E2657A339000EEE18 /* Sources */,
				28B26D4F2657A339000EEE18 /* Frameworks */,
				28B26D502657A339000EEE18 /* Resources */,
			);
			buildRules = (
			);
			dependencies = (
				28B26D582657A339000EEE18 /* PBXTargetDependency */,
			);
			name = GithubSearchUITestStudyUITests;
			productName = GithubSearchUITestStudyUITests;
			productReference = 28B26D522657A339000EEE18 /* GithubSearchUITestStudyUITests.xctest */;
			productType = "com.apple.product-type.bundle.ui-testing";
		};
/* End PBXNativeTarget section */

/* Begin PBXProject section */
		28B26CD926563AB9000EEE18 /* Project object */ = {
			isa = PBXProject;
			attributes = {
				LastSwiftUpdateCheck = 1240;
				LastUpgradeCheck = 1240;
				TargetAttributes = {
					28B26CE026563AB9000EEE18 = {
						CreatedOnToolsVersion = 12.4;
					};
					28B26D512657A339000EEE18 = {
						CreatedOnToolsVersion = 12.4;
						TestTargetID = 28B26CE026563AB9000EEE18;
					};
				};
			};
			buildConfigurationList = 28B26CDC26563AB9000EEE18 /* Build configuration list for PBXProject "GithubSearchUITestStudy" */;
			compatibilityVersion = "Xcode 9.3";
			developmentRegion = en;
			hasScannedForEncodings = 0;
			knownRegions = (
				en,
				Base,
			);
			mainGroup = 28B26CD826563AB9000EEE18;
			productRefGroup = 28B26CE226563AB9000EEE18 /* Products */;
			projectDirPath = "";
			projectRoot = "";
			targets = (
				28B26CE026563AB9000EEE18 /* GithubSearchUITestStudy */,
				28B26D512657A339000EEE18 /* GithubSearchUITestStudyUITests */,
			);
		};
/* End PBXProject section */

/* Begin PBXResourcesBuildPhase section */
		28B26CDF26563AB9000EEE18 /* Resources */ = {
			isa = PBXResourcesBuildPhase;
			buildActionMask = 2147483647;
			files = (
				28B26CF126563ABA000EEE18 /* LaunchScreen.storyboard in Resources */,
				28B26CEE26563ABA000EEE18 /* Assets.xcassets in Resources */,
				28B26CEC26563AB9000EEE18 /* Main.storyboard in Resources */,
			);
			runOnlyForDeploymentPostprocessing = 0;
		};
		28B26D502657A339000EEE18 /* Resources */ = {
			isa = PBXResourcesBuildPhase;
			buildActionMask = 2147483647;
			files = (
			);
			runOnlyForDeploymentPostprocessing = 0;
		};
/* End PBXResourcesBuildPhase section */

/* Begin PBXShellScriptBuildPhase section */
		4448B011401669C8C45A3646 /* [CP] Check Pods Manifest.lock */ = {
			isa = PBXShellScriptBuildPhase;
			buildActionMask = 2147483647;
			files = (
			);
			inputFileListPaths = (
			);
			inputPaths = (
				"${PODS_PODFILE_DIR_PATH}/Podfile.lock",
				"${PODS_ROOT}/Manifest.lock",
			);
			name = "[CP] Check Pods Manifest.lock";
			outputFileListPaths = (
			);
			outputPaths = (
				"$(DERIVED_FILE_DIR)/Pods-GithubSearchUITestStudy-checkManifestLockResult.txt",
			);
			runOnlyForDeploymentPostprocessing = 0;
			shellPath = /bin/sh;
			shellScript = "diff \"${PODS_PODFILE_DIR_PATH}/Podfile.lock\" \"${PODS_ROOT}/Manifest.lock\" > /dev/null\nif [ $? != 0 ] ; then\n    # print error to STDERR\n    echo \"error: The sandbox is not in sync with the Podfile.lock. Run 'pod install' or update your CocoaPods installation.\" >&2\n    exit 1\nfi\n# This output is used by Xcode 'outputs' to avoid re-running this script phase.\necho \"SUCCESS\" > \"${SCRIPT_OUTPUT_FILE_0}\"\n";
			showEnvVarsInLog = 0;
		};
		B3F68021F540F5A0475BD7D8 /* [CP] Embed Pods Frameworks */ = {
			isa = PBXShellScriptBuildPhase;
			buildActionMask = 2147483647;
			files = (
			);
			inputFileListPaths = (
				"${PODS_ROOT}/Target Support Files/Pods-GithubSearchUITestStudy/Pods-GithubSearchUITestStudy-frameworks-${CONFIGURATION}-input-files.xcfilelist",
			);
			name = "[CP] Embed Pods Frameworks";
			outputFileListPaths = (
				"${PODS_ROOT}/Target Support Files/Pods-GithubSearchUITestStudy/Pods-GithubSearchUITestStudy-frameworks-${CONFIGURATION}-output-files.xcfilelist",
			);
			runOnlyForDeploymentPostprocessing = 0;
			shellPath = /bin/sh;
			shellScript = "\"${PODS_ROOT}/Target Support Files/Pods-GithubSearchUITestStudy/Pods-GithubSearchUITestStudy-frameworks.sh\"\n";
			showEnvVarsInLog = 0;
		};
/* End PBXShellScriptBuildPhase section */

/* Begin PBXSourcesBuildPhase section */
		28B26CDD26563AB9000EEE18 /* Sources */ = {
			isa = PBXSourcesBuildPhase;
			buildActionMask = 2147483647;
			files = (
				28B26CE926563AB9000EEE18 /* ViewController.swift in Sources */,
				28B26D0426563E83000EEE18 /* User.swift in Sources */,
				28B26D0126563E76000EEE18 /* SearchNetworkManager.swift in Sources */,
				28B26CE526563AB9000EEE18 /* AppDelegate.swift in Sources */,
				28B26D3126573C67000EEE18 /* UserTableViewCell.swift in Sources */,
				28B26CE726563AB9000EEE18 /* SceneDelegate.swift in Sources */,
			);
			runOnlyForDeploymentPostprocessing = 0;
		};
		28B26D4E2657A339000EEE18 /* Sources */ = {
			isa = PBXSourcesBuildPhase;
			buildActionMask = 2147483647;
			files = (
				28B26D552657A339000EEE18 /* GithubSearchUITestStudyUITests.swift in Sources */,
			);
			runOnlyForDeploymentPostprocessing = 0;
		};
/* End PBXSourcesBuildPhase section */

/* Begin PBXTargetDependency section */
		28B26D582657A339000EEE18 /* PBXTargetDependency */ = {
			isa = PBXTargetDependency;
			target = 28B26CE026563AB9000EEE18 /* GithubSearchUITestStudy */;
			targetProxy = 28B26D572657A339000EEE18 /* PBXContainerItemProxy */;
		};
/* End PBXTargetDependency section */

/* Begin PBXVariantGroup section */
		28B26CEA26563AB9000EEE18 /* Main.storyboard */ = {
			isa = PBXVariantGroup;
			children = (
				28B26CEB26563AB9000EEE18 /* Base */,
			);
			name = Main.storyboard;
			sourceTree = "<group>";
		};
		28B26CEF26563ABA000EEE18 /* LaunchScreen.storyboard */ = {
			isa = PBXVariantGroup;
			children = (
				28B26CF026563ABA000EEE18 /* Base */,
			);
			name = LaunchScreen.storyboard;
			sourceTree = "<group>";
		};
/* End PBXVariantGroup section */

/* Begin XCBuildConfiguration section */
		28B26CF326563ABA000EEE18 /* Debug */ = {
			isa = XCBuildConfiguration;
			buildSettings = {
				ALWAYS_SEARCH_USER_PATHS = NO;
				CLANG_ANALYZER_NONNULL = YES;
				CLANG_ANALYZER_NUMBER_OBJECT_CONVERSION = YES_AGGRESSIVE;
				CLANG_CXX_LANGUAGE_STANDARD = "gnu++14";
				CLANG_CXX_LIBRARY = "libc++";
				CLANG_ENABLE_MODULES = YES;
				CLANG_ENABLE_OBJC_ARC = YES;
				CLANG_ENABLE_OBJC_WEAK = YES;
				CLANG_WARN_BLOCK_CAPTURE_AUTORELEASING = YES;
				CLANG_WARN_BOOL_CONVERSION = YES;
				CLANG_WARN_COMMA = YES;
				CLANG_WARN_CONSTANT_CONVERSION = YES;
				CLANG_WARN_DEPRECATED_OBJC_IMPLEMENTATIONS = YES;
				CLANG_WARN_DIRECT_OBJC_ISA_USAGE = YES_ERROR;
				CLANG_WARN_DOCUMENTATION_COMMENTS = YES;
				CLANG_WARN_EMPTY_BODY = YES;
				CLANG_WARN_ENUM_CONVERSION = YES;
				CLANG_WARN_INFINITE_RECURSION = YES;
				CLANG_WARN_INT_CONVERSION = YES;
				CLANG_WARN_NON_LITERAL_NULL_CONVERSION = YES;
				CLANG_WARN_OBJC_IMPLICIT_RETAIN_SELF = YES;
				CLANG_WARN_OBJC_LITERAL_CONVERSION = YES;
				CLANG_WARN_OBJC_ROOT_CLASS = YES_ERROR;
				CLANG_WARN_QUOTED_INCLUDE_IN_FRAMEWORK_HEADER = YES;
				CLANG_WARN_RANGE_LOOP_ANALYSIS = YES;
				CLANG_WARN_STRICT_PROTOTYPES = YES;
				CLANG_WARN_SUSPICIOUS_MOVE = YES;
				CLANG_WARN_UNGUARDED_AVAILABILITY = YES_AGGRESSIVE;
				CLANG_WARN_UNREACHABLE_CODE = YES;
				CLANG_WARN__DUPLICATE_METHOD_MATCH = YES;
				COPY_PHASE_STRIP = NO;
				DEBUG_INFORMATION_FORMAT = dwarf;
				ENABLE_STRICT_OBJC_MSGSEND = YES;
				ENABLE_TESTABILITY = YES;
				GCC_C_LANGUAGE_STANDARD = gnu11;
				GCC_DYNAMIC_NO_PIC = NO;
				GCC_NO_COMMON_BLOCKS = YES;
				GCC_OPTIMIZATION_LEVEL = 0;
				GCC_PREPROCESSOR_DEFINITIONS = (
					"DEBUG=1",
					"$(inherited)",
				);
				GCC_WARN_64_TO_32_BIT_CONVERSION = YES;
				GCC_WARN_ABOUT_RETURN_TYPE = YES_ERROR;
				GCC_WARN_UNDECLARED_SELECTOR = YES;
				GCC_WARN_UNINITIALIZED_AUTOS = YES_AGGRESSIVE;
				GCC_WARN_UNUSED_FUNCTION = YES;
				GCC_WARN_UNUSED_VARIABLE = YES;
				IPHONEOS_DEPLOYMENT_TARGET = 14.4;
				MTL_ENABLE_DEBUG_INFO = INCLUDE_SOURCE;
				MTL_FAST_MATH = YES;
				ONLY_ACTIVE_ARCH = YES;
				SDKROOT = iphoneos;
				SWIFT_ACTIVE_COMPILATION_CONDITIONS = DEBUG;
				SWIFT_OPTIMIZATION_LEVEL = "-Onone";
			};
			name = Debug;
		};
		28B26CF426563ABA000EEE18 /* Release */ = {
			isa = XCBuildConfiguration;
			buildSettings = {
				ALWAYS_SEARCH_USER_PATHS = NO;
				CLANG_ANALYZER_NONNULL = YES;
				CLANG_ANALYZER_NUMBER_OBJECT_CONVERSION = YES_AGGRESSIVE;
				CLANG_CXX_LANGUAGE_STANDARD = "gnu++14";
				CLANG_CXX_LIBRARY = "libc++";
				CLANG_ENABLE_MODULES = YES;
				CLANG_ENABLE_OBJC_ARC = YES;
				CLANG_ENABLE_OBJC_WEAK = YES;
				CLANG_WARN_BLOCK_CAPTURE_AUTORELEASING = YES;
				CLANG_WARN_BOOL_CONVERSION = YES;
				CLANG_WARN_COMMA = YES;
				CLANG_WARN_CONSTANT_CONVERSION = YES;
				CLANG_WARN_DEPRECATED_OBJC_IMPLEMENTATIONS = YES;
				CLANG_WARN_DIRECT_OBJC_ISA_USAGE = YES_ERROR;
				CLANG_WARN_DOCUMENTATION_COMMENTS = YES;
				CLANG_WARN_EMPTY_BODY = YES;
				CLANG_WARN_ENUM_CONVERSION = YES;
				CLANG_WARN_INFINITE_RECURSION = YES;
				CLANG_WARN_INT_CONVERSION = YES;
				CLANG_WARN_NON_LITERAL_NULL_CONVERSION = YES;
				CLANG_WARN_OBJC_IMPLICIT_RETAIN_SELF = YES;
				CLANG_WARN_OBJC_LITERAL_CONVERSION = YES;
				CLANG_WARN_OBJC_ROOT_CLASS = YES_ERROR;
				CLANG_WARN_QUOTED_INCLUDE_IN_FRAMEWORK_HEADER = YES;
				CLANG_WARN_RANGE_LOOP_ANALYSIS = YES;
				CLANG_WARN_STRICT_PROTOTYPES = YES;
				CLANG_WARN_SUSPICIOUS_MOVE = YES;
				CLANG_WARN_UNGUARDED_AVAILABILITY = YES_AGGRESSIVE;
				CLANG_WARN_UNREACHABLE_CODE = YES;
				CLANG_WARN__DUPLICATE_METHOD_MATCH = YES;
				COPY_PHASE_STRIP = NO;
				DEBUG_INFORMATION_FORMAT = "dwarf-with-dsym";
				ENABLE_NS_ASSERTIONS = NO;
				ENABLE_STRICT_OBJC_MSGSEND = YES;
				GCC_C_LANGUAGE_STANDARD = gnu11;
				GCC_NO_COMMON_BLOCKS = YES;
				GCC_WARN_64_TO_32_BIT_CONVERSION = YES;
				GCC_WARN_ABOUT_RETURN_TYPE = YES_ERROR;
				GCC_WARN_UNDECLARED_SELECTOR = YES;
				GCC_WARN_UNINITIALIZED_AUTOS = YES_AGGRESSIVE;
				GCC_WARN_UNUSED_FUNCTION = YES;
				GCC_WARN_UNUSED_VARIABLE = YES;
				IPHONEOS_DEPLOYMENT_TARGET = 14.4;
				MTL_ENABLE_DEBUG_INFO = NO;
				MTL_FAST_MATH = YES;
				SDKROOT = iphoneos;
				SWIFT_COMPILATION_MODE = wholemodule;
				SWIFT_OPTIMIZATION_LEVEL = "-O";
				VALIDATE_PRODUCT = YES;
			};
			name = Release;
		};
		28B26CF626563ABA000EEE18 /* Debug */ = {
			isa = XCBuildConfiguration;
			baseConfigurationReference = 9ABBD0C8373F6C6F098BFBCC /* Pods-GithubSearchUITestStudy.debug.xcconfig */;
			buildSettings = {
				ASSETCATALOG_COMPILER_APPICON_NAME = AppIcon;
				ASSETCATALOG_COMPILER_GLOBAL_ACCENT_COLOR_NAME = AccentColor;
				CODE_SIGN_STYLE = Automatic;
				DEVELOPMENT_TEAM = B5VE639J3N;
				INFOPLIST_FILE = GithubSearchUITestStudy/Info.plist;
				LD_RUNPATH_SEARCH_PATHS = (
					"$(inherited)",
					"@executable_path/Frameworks",
				);
				PRODUCT_BUNDLE_IDENTIFIER = com.cute.eunyeong..GithubSearchUITestStudy;
				PRODUCT_NAME = "$(TARGET_NAME)";
				SWIFT_VERSION = 5.0;
				TARGETED_DEVICE_FAMILY = "1,2";
			};
			name = Debug;
		};
		28B26CF726563ABA000EEE18 /* Release */ = {
			isa = XCBuildConfiguration;
			baseConfigurationReference = 9A72FD294D95D320DC8A0F45 /* Pods-GithubSearchUITestStudy.release.xcconfig */;
			buildSettings = {
				ASSETCATALOG_COMPILER_APPICON_NAME = AppIcon;
				ASSETCATALOG_COMPILER_GLOBAL_ACCENT_COLOR_NAME = AccentColor;
				CODE_SIGN_STYLE = Automatic;
				DEVELOPMENT_TEAM = B5VE639J3N;
				INFOPLIST_FILE = GithubSearchUITestStudy/Info.plist;
				LD_RUNPATH_SEARCH_PATHS = (
					"$(inherited)",
					"@executable_path/Frameworks",
				);
				PRODUCT_BUNDLE_IDENTIFIER = com.cute.eunyeong..GithubSearchUITestStudy;
				PRODUCT_NAME = "$(TARGET_NAME)";
				SWIFT_VERSION = 5.0;
				TARGETED_DEVICE_FAMILY = "1,2";
			};
			name = Release;
		};
		28B26D5A2657A339000EEE18 /* Debug */ = {
			isa = XCBuildConfiguration;
			buildSettings = {
				CODE_SIGN_STYLE = Automatic;
				DEVELOPMENT_TEAM = B5VE639J3N;
				INFOPLIST_FILE = GithubSearchUITestStudyUITests/Info.plist;
				LD_RUNPATH_SEARCH_PATHS = (
					"$(inherited)",
					"@executable_path/Frameworks",
					"@loader_path/Frameworks",
				);
				PRODUCT_BUNDLE_IDENTIFIER = com.cute.eunyeong..GithubSearchUITestStudyUITests;
				PRODUCT_NAME = "$(TARGET_NAME)";
				SWIFT_VERSION = 5.0;
				TARGETED_DEVICE_FAMILY = "1,2";
				TEST_TARGET_NAME = GithubSearchUITestStudy;
			};
			name = Debug;
		};
		28B26D5B2657A339000EEE18 /* Release */ = {
			isa = XCBuildConfiguration;
			buildSettings = {
				CODE_SIGN_STYLE = Automatic;
				DEVELOPMENT_TEAM = B5VE639J3N;
				INFOPLIST_FILE = GithubSearchUITestStudyUITests/Info.plist;
				LD_RUNPATH_SEARCH_PATHS = (
					"$(inherited)",
					"@executable_path/Frameworks",
					"@loader_path/Frameworks",
				);
				PRODUCT_BUNDLE_IDENTIFIER = com.cute.eunyeong..GithubSearchUITestStudyUITests;
				PRODUCT_NAME = "$(TARGET_NAME)";
				SWIFT_VERSION = 5.0;
				TARGETED_DEVICE_FAMILY = "1,2";
				TEST_TARGET_NAME = GithubSearchUITestStudy;
			};
			name = Release;
		};
/* End XCBuildConfiguration section */

/* Begin XCConfigurationList section */
		28B26CDC26563AB9000EEE18 /* Build configuration list for PBXProject "GithubSearchUITestStudy" */ = {
			isa = XCConfigurationList;
			buildConfigurations = (
				28B26CF326563ABA000EEE18 /* Debug */,
				28B26CF426563ABA000EEE18 /* Release */,
			);
			defaultConfigurationIsVisible = 0;
			defaultConfigurationName = Release;
		};
		28B26CF526563ABA000EEE18 /* Build configuration list for PBXNativeTarget "GithubSearchUITestStudy" */ = {
			isa = XCConfigurationList;
			buildConfigurations = (
				28B26CF626563ABA000EEE18 /* Debug */,
				28B26CF726563ABA000EEE18 /* Release */,
			);
			defaultConfigurationIsVisible = 0;
			defaultConfigurationName = Release;
		};
		28B26D592657A339000EEE18 /* Build configuration list for PBXNativeTarget "GithubSearchUITestStudyUITests" */ = {
			isa = XCConfigurationList;
			buildConfigurations = (
				28B26D5A2657A339000EEE18 /* Debug */,
				28B26D5B2657A339000EEE18 /* Release */,
			);
			defaultConfigurationIsVisible = 0;
			defaultConfigurationName = Release;
		};
/* End XCConfigurationList section */
	};
	rootObject = 28B26CD926563AB9000EEE18 /* Project object */;
}
